
Microsoft Visual Studio Solution File, Format Version 12.00
# Visual Studio Version 16
VisualStudioVersion = 16.0.29509.3
MinimumVisualStudioVersion = 10.0.40219.1
Project("{FAE04EC0-301F-11D3-BF4B-00C04F79EFBC}") = "MRTestProject", "MRTestProject\MRTestProject.csproj", "{CEB902F1-6ECA-4186-BDCB-B24162A6F840}"
EndProject
Project("{FAE04EC0-301F-11D3-BF4B-00C04F79EFBC}") = "MRTestProject.Infastructure", "MRTestProject.Infastructure\MRTestProject.Infastructure.csproj", "{E409E84B-2983-4B27-BE24-5836610E3F6B}"
EndProject
Project("{FAE04EC0-301F-11D3-BF4B-00C04F79EFBC}") = "MRTestProject.Common", "MRTestProject.Common\MRTestProject.Common.csproj", "{C5921235-B01D-4B52-A4C2-091EFF95D34E}"
EndProject
Project("{FAE04EC0-301F-11D3-BF4B-00C04F79EFBC}") = "MRTestProject.Domain", "MRTestProject.Domain\MRTestProject.Domain.csproj", "{54B30939-01E3-4CBA-8A2B-E2EF75050311}"
EndProject
Global
	GlobalSection(SolutionConfigurationPlatforms) = preSolution
		Debug|Any CPU = Debug|Any CPU
		Release|Any CPU = Release|Any CPU
	EndGlobalSection
	GlobalSection(ProjectConfigurationPlatforms) = postSolution
		{CEB902F1-6ECA-4186-BDCB-B24162A6F840}.Debug|Any CPU.ActiveCfg = Debug|Any CPU
		{CEB902F1-6ECA-4186-BDCB-B24162A6F840}.Debug|Any CPU.Build.0 = Debug|Any CPU
		{CEB902F1-6ECA-4186-BDCB-B24162A6F840}.Release|Any CPU.ActiveCfg = Release|Any CPU
		{CEB902F1-6ECA-4186-BDCB-B24162A6F840}.Release|Any CPU.Build.0 = Release|Any CPU
		{E409E84B-2983-4B27-BE24-5836610E3F6B}.Debug|Any CPU.ActiveCfg = Debug|Any CPU
		{E409E84B-2983-4B27-BE24-5836610E3F6B}.Debug|Any CPU.Build.0 = Debug|Any CPU
		{E409E84B-2983-4B27-BE24-5836610E3F6B}.Release|Any CPU.ActiveCfg = Release|Any CPU
		{E409E84B-2983-4B27-BE24-5836610E3F6B}.Release|Any CPU.Build.0 = Release|Any CPU
		{C5921235-B01D-4B52-A4C2-091EFF95D34E}.Debug|Any CPU.ActiveCfg = Debug|Any CPU
		{C5921235-B01D-4B52-A4C2-091EFF95D34E}.Debug|Any CPU.Build.0 = Debug|Any CPU
		{C5921235-B01D-4B52-A4C2-091EFF95D34E}.Release|Any CPU.ActiveCfg = Release|Any CPU
		{C5921235-B01D-4B52-A4C2-091EFF95D34E}.Release|Any CPU.Build.0 = Release|Any CPU
		{54B30939-01E3-4CBA-8A2B-E2EF75050311}.Debug|Any CPU.ActiveCfg = Debug|Any CPU
		{54B30939-01E3-4CBA-8A2B-E2EF75050311}.Debug|Any CPU.Build.0 = Debug|Any CPU
		{54B30939-01E3-4CBA-8A2B-E2EF75050311}.Release|Any CPU.ActiveCfg = Release|Any CPU
		{54B30939-01E3-4CBA-8A2B-E2EF75050311}.Release|Any CPU.Build.0 = Release|Any CPU
	EndGlobalSection
	GlobalSection(SolutionProperties) = preSolution
		HideSolutionNode = FALSE
	EndGlobalSection
	GlobalSection(ExtensibilityGlobals) = postSolution
		SolutionGuid = {97163753-03D5-4B5F-98D7-9913B78D08A5}
	EndGlobalSection
EndGlobal
